// !$*UTF8*$!
{
	archiveVersion = 1;
	classes = {
	};
	objectVersion = 46;
	objects = {

/* Begin PBXBuildFile section */
		04DBD42C1D360BC00016CD82 /* main.swift in Sources */ = {isa = PBXBuildFile; fileRef = 04DBD42B1D360BC00016CD82 /* main.swift */; };
		04DBD4331D360BD50016CD82 /* Operator.swift in Sources */ = {isa = PBXBuildFile; fileRef = 04DBD4321D360BD50016CD82 /* Operator.swift */; };
		04DBD4351D3612700016CD82 /* ModelClass.swift in Sources */ = {isa = PBXBuildFile; fileRef = 04DBD4341D3612700016CD82 /* ModelClass.swift */; };
/* End PBXBuildFile section */

/* Begin PBXCopyFilesBuildPhase section */
		04DBD4261D360BC00016CD82 /* CopyFiles */ = {
			isa = PBXCopyFilesBuildPhase;
			buildActionMask = 2147483647;
			dstPath = /usr/share/man/man1/;
			dstSubfolderSpec = 0;
			files = (
			);
			runOnlyForDeploymentPostprocessing = 1;
		};
/* End PBXCopyFilesBuildPhase section */

/* Begin PBXFileReference section */
		04DBD4281D360BC00016CD82 /* ClassExample */ = {isa = PBXFileReference; explicitFileType = "compiled.mach-o.executable"; includeInIndex = 0; path = ClassExample; sourceTree = BUILT_PRODUCTS_DIR; };
		04DBD42B1D360BC00016CD82 /* main.swift */ = {isa = PBXFileReference; lastKnownFileType = sourcecode.swift; path = main.swift; sourceTree = "<group>"; };
		04DBD4321D360BD50016CD82 /* Operator.swift */ = {isa = PBXFileReference; fileEncoding = 4; lastKnownFileType = sourcecode.swift; path = Operator.swift; sourceTree = "<group>"; };
		04DBD4341D3612700016CD82 /* ModelClass.swift */ = {isa = PBXFileReference; fileEncoding = 4; lastKnownFileType = sourcecode.swift; path = ModelClass.swift; sourceTree = "<group>"; };
/* End PBXFileReference section */

/* Begin PBXFrameworksBuildPhase section */
		04DBD4251D360BC00016CD82 /* Frameworks */ = {
			isa = PBXFrameworksBuildPhase;
			buildActionMask = 2147483647;
			files = (
			);
			runOnlyForDeploymentPostprocessing = 0;
		};
/* End PBXFrameworksBuildPhase section */

/* Begin PBXGroup section */
		04DBD41F1D360BC00016CD82 = {
			isa = PBXGroup;
			children = (
				04DBD42A1D360BC00016CD82 /* ClassExample */,
				04DBD4291D360BC00016CD82 /* Products */,
			);
			sourceTree = "<group>";
		};
		04DBD4291D360BC00016CD82 /* Products */ = {
			isa = PBXGroup;
			children = (
				04DBD4281D360BC00016CD82 /* ClassExample */,
			);
			name = Products;
			sourceTree = "<group>";
		};
		04DBD42A1D360BC00016CD82 /* ClassExample */ = {
			isa = PBXGroup;
			children = (
				04DBD42B1D360BC00016CD82 /* main.swift */,
				04DBD4321D360BD50016CD82 /* Operator.swift */,
				04DBD4341D3612700016CD82 /* ModelClass.swift */,
			);
			path = ClassExample;
			sourceTree = "<group>";
		};
/* End PBXGroup section */

/* Begin PBXNativeTarget section */
		04DBD4271D360BC00016CD82 /* ClassExample */ = {
			isa = PBXNativeTarget;
			buildConfigurationList = 04DBD42F1D360BC00016CD82 /* Build configuration list for PBXNativeTarget "ClassExample" */;
			buildPhases = (
				04DBD4241D360BC00016CD82 /* Sources */,
				04DBD4251D360BC00016CD82 /* Frameworks */,
				04DBD4261D360BC00016CD82 /* CopyFiles */,
			);
			buildRules = (
			);
			dependencies = (
			);
			name = ClassExample;
			productName = ClassExample;
			productReference = 04DBD4281D360BC00016CD82 /* ClassExample */;
			productType = "com.apple.product-type.tool";
		};
/* End PBXNativeTarget section */

/* Begin PBXProject section */
		04DBD4201D360BC00016CD82 /* Project object */ = {
			isa = PBXProject;
			attributes = {
				LastSwiftUpdateCheck = 0730;
				LastUpgradeCheck = 0730;
				ORGANIZATIONNAME = "ShrawanKumar Sharma";
				TargetAttributes = {
					04DBD4271D360BC00016CD82 = {
						CreatedOnToolsVersion = 7.3.1;
					};
				};
			};
			buildConfigurationList = 04DBD4231D360BC00016CD82 /* Build configuration list for PBXProject "ClassExample" */;
			compatibilityVersion = "Xcode 3.2";
			developmentRegion = English;
			hasScannedForEncodings = 0;
			knownRegions = (
				en,
			);
			mainGroup = 04DBD41F1D360BC00016CD82;
			productRefGroup = 04DBD4291D360BC00016CD82 /* Products */;
			projectDirPath = "";
			projectRoot = "";
			targets = (
				04DBD4271D360BC00016CD82 /* ClassExample */,
			);
		};
/* End PBXProject section */

/* Begin PBXSourcesBuildPhase section */
		04DBD4241D360BC00016CD82 /* Sources */ = {
			isa = PBXSourcesBuildPhase;
			buildActionMask = 2147483647;
			files = (
				04DBD42C1D360BC00016CD82 /* main.swift in Sources */,
				04DBD4351D3612700016CD82 /* ModelClass.swift in Sources */,
				04DBD4331D360BD50016CD82 /* Operator.swift in Sources */,
			);
			runOnlyForDeploymentPostprocessing = 0;
		};
/* End PBXSourcesBuildPhase section */

/* Begin XCBuildConfiguration section */
		04DBD42D1D360BC00016CD82 /* Debug */ = {
			isa = XCBuildConfiguration;
			buildSettings = {
				ALWAYS_SEARCH_USER_PATHS = NO;
				CLANG_ANALYZER_NONNULL = YES;
				CLANG_CXX_LANGUAGE_STANDARD = "gnu++0x";
				CLANG_CXX_LIBRARY = "libc++";
				CLANG_ENABLE_MODULES = YES;
				CLANG_ENABLE_OBJC_ARC = YES;
				CLANG_WARN_BOOL_CONVERSION = YES;
				CLANG_WARN_CONSTANT_CONVERSION = YES;
				CLANG_WARN_DIRECT_OBJC_ISA_USAGE = YES_ERROR;
				CLANG_WARN_EMPTY_BODY = YES;
				CLANG_WARN_ENUM_CONVERSION = YES;
				CLANG_WARN_INT_CONVERSION = YES;
				CLANG_WARN_OBJC_ROOT_CLASS = YES_ERROR;
				CLANG_WARN_UNREACHABLE_CODE = YES;
				CLANG_WARN__DUPLICATE_METHOD_MATCH = YES;
				CODE_SIGN_IDENTITY = "-";
				COPY_PHASE_STRIP = NO;
				DEBUG_INFORMATION_FORMAT = dwarf;
				ENABLE_STRICT_OBJC_MSGSEND = YES;
				ENABLE_TESTABILITY = YES;
				GCC_C_LANGUAGE_STANDARD = gnu99;
				GCC_DYNAMIC_NO_PIC = NO;
				GCC_NO_COMMON_BLOCKS = YES;
				GCC_OPTIMIZATION_LEVEL = 0;
				GCC_PREPROCESSOR_DEFINITIONS = (
					"DEBUG=1",
					"$(inherited)",
				);
				GCC_WARN_64_TO_32_BIT_CONVERSION = YES;
				GCC_WARN_ABOUT_RETURN_TYPE = YES_ERROR;
				GCC_WARN_UNDECLARED_SELECTOR = YES;
				GCC_WARN_UNINITIALIZED_AUTOS = YES_AGGRESSIVE;
				GCC_WARN_UNUSED_FUNCTION = YES;
				GCC_WARN_UNUSED_VARIABLE = YES;
				MACOSX_DEPLOYMENT_TARGET = 10.11;
				MTL_ENABLE_DEBUG_INFO = YES;
				ONLY_ACTIVE_ARCH = YES;
				SDKROOT = macosx;
				SWIFT_OPTIMIZATION_LEVEL = "-Onone";
			};
			name = Debug;
		};
		04DBD42E1D360BC00016CD82 /* Release */ = {
			isa = XCBuildConfiguration;
			buildSettings = {
				ALWAYS_SEARCH_USER_PATHS = NO;
				CLANG_ANALYZER_NONNULL = YES;
				CLANG_CXX_LANGUAGE_STANDARD = "gnu++0x";
				CLANG_CXX_LIBRARY = "libc++";
				CLANG_ENABLE_MODULES = YES;
				CLANG_ENABLE_OBJC_ARC = YES;
				CLANG_WARN_BOOL_CONVERSION = YES;
				CLANG_WARN_CONSTANT_CONVERSION = YES;
				CLANG_WARN_DIRECT_OBJC_ISA_USAGE = YES_ERROR;
				CLANG_WARN_EMPTY_BODY = YES;
				CLANG_WARN_ENUM_CONVERSION = YES;
				CLANG_WARN_INT_CONVERSION = YES;
				CLANG_WARN_OBJC_ROOT_CLASS = YES_ERROR;
				CLANG_WARN_UNREACHABLE_CODE = YES;
				CLANG_WARN__DUPLICATE_METHOD_MATCH = YES;
				CODE_SIGN_IDENTITY = "-";
				COPY_PHASE_STRIP = NO;
				DEBUG_INFORMATION_FORMAT = "dwarf-with-dsym";
				ENABLE_NS_ASSERTIONS = NO;
				ENABLE_STRICT_OBJC_MSGSEND = YES;
				GCC_C_LANGUAGE_STANDARD = gnu99;
				GCC_NO_COMMON_BLOCKS = YES;
				GCC_WARN_64_TO_32_BIT_CONVERSION = YES;
				GCC_WARN_ABOUT_RETURN_TYPE = YES_ERROR;
				GCC_WARN_UNDECLARED_SELECTOR = YES;
				GCC_WARN_UNINITIALIZED_AUTOS = YES_AGGRESSIVE;
				GCC_WARN_UNUSED_FUNCTION = YES;
				GCC_WARN_UNUSED_VARIABLE = YES;
				MACOSX_DEPLOYMENT_TARGET = 10.11;
				MTL_ENABLE_DEBUG_INFO = NO;
				SDKROOT = macosx;
			};
			name = Release;
		};
		04DBD4301D360BC00016CD82 /* Debug */ = {
			isa = XCBuildConfiguration;
			buildSettings = {
				PRODUCT_NAME = "$(TARGET_NAME)";
			};
			name = Debug;
		};
		04DBD4311D360BC00016CD82 /* Release */ = {
			isa = XCBuildConfiguration;
			buildSettings = {
				PRODUCT_NAME = "$(TARGET_NAME)";
			};
			name = Release;
		};
/* End XCBuildConfiguration section */

/* Begin XCConfigurationList section */
		04DBD4231D360BC00016CD82 /* Build configuration list for PBXProject "ClassExample" */ = {
			isa = XCConfigurationList;
			buildConfigurations = (
				04DBD42D1D360BC00016CD82 /* Debug */,
				04DBD42E1D360BC00016CD82 /* Release */,
			);
			defaultConfigurationIsVisible = 0;
			defaultConfigurationName = Release;
		};
		04DBD42F1D360BC00016CD82 /* Build configuration list for PBXNativeTarget "ClassExample" */ = {
			isa = XCConfigurationList;
			buildConfigurations = (
				04DBD4301D360BC00016CD82 /* Debug */,
				04DBD4311D360BC00016CD82 /* Release */,
			);
			defaultConfigurationIsVisible = 0;
		};
/* End XCConfigurationList section */
	};
	rootObject = 04DBD4201D360BC00016CD82 /* Project object */;
}
